
Microsoft Visual Studio Solution File, Format Version 12.00
# Visual Studio Version 16
VisualStudioVersion = 16.0.33529.622
MinimumVisualStudioVersion = 10.0.40219.1
Project("{FAE04EC0-301F-11D3-BF4B-00C04F79EFBC}") = "Sample_EntityFrameworkCore_CodeFirstApproach", "Sample_EntityFrameworkCore_CodeFirstApproach.csproj", "{B483D54E-7AC3-4DB0-9E7A-F43411284692}"
EndProject
Global
	GlobalSection(SolutionConfigurationPlatforms) = preSolution
		Debug|Any CPU = Debug|Any CPU
		Release|Any CPU = Release|Any CPU
	EndGlobalSection
	GlobalSection(ProjectConfigurationPlatforms) = postSolution
		{B483D54E-7AC3-4DB0-9E7A-F43411284692}.Debug|Any CPU.ActiveCfg = Debug|Any CPU
		{B483D54E-7AC3-4DB0-9E7A-F43411284692}.Debug|Any CPU.Build.0 = Debug|Any CPU
		{B483D54E-7AC3-4DB0-9E7A-F43411284692}.Release|Any CPU.ActiveCfg = Release|Any CPU
		{B483D54E-7AC3-4DB0-9E7A-F43411284692}.Release|Any CPU.Build.0 = Release|Any CPU
	EndGlobalSection
	GlobalSection(SolutionProperties) = preSolution
		HideSolutionNode = FALSE
	EndGlobalSection
	GlobalSection(ExtensibilityGlobals) = postSolution
		SolutionGuid = {B73C6427-F192-4B4F-B5B7-147EBB593725}
	EndGlobalSection
EndGlobal
